
Microsoft Visual Studio Solution File, Format Version 12.00
# Visual Studio Version 17
VisualStudioVersion = 17.4.33110.190
MinimumVisualStudioVersion = 10.0.40219.1
Project("{FAE04EC0-301F-11D3-BF4B-00C04F79EFBC}") = "UC4", "UC4.csproj", "{30C86D8A-4119-401C-A213-AB3892C757FE}"
EndProject
Global
	GlobalSection(SolutionConfigurationPlatforms) = preSolution
		Debug|Any CPU = Debug|Any CPU
		Release|Any CPU = Release|Any CPU
	EndGlobalSection
	GlobalSection(ProjectConfigurationPlatforms) = postSolution
		{30C86D8A-4119-401C-A213-AB3892C757FE}.Debug|Any CPU.ActiveCfg = Debug|Any CPU
		{30C86D8A-4119-401C-A213-AB3892C757FE}.Debug|Any CPU.Build.0 = Debug|Any CPU
		{30C86D8A-4119-401C-A213-AB3892C757FE}.Release|Any CPU.ActiveCfg = Release|Any CPU
		{30C86D8A-4119-401C-A213-AB3892C757FE}.Release|Any CPU.Build.0 = Release|Any CPU
	EndGlobalSection
	GlobalSection(SolutionProperties) = preSolution
		HideSolutionNode = FALSE
	EndGlobalSection
	GlobalSection(ExtensibilityGlobals) = postSolution
		SolutionGuid = {89887D00-E337-439F-9818-74E9CBACD3CE}
	EndGlobalSection
EndGlobal
