
Microsoft Visual Studio Solution File, Format Version 12.00
# Visual Studio Version 17
VisualStudioVersion = 17.4.33110.190
MinimumVisualStudioVersion = 10.0.40219.1
Project("{9A19103F-16F7-4668-BE54-9A1E7A4F7556}") = "UC2", "UC2.csproj", "{C0236BC8-226C-43D5-8B2A-6F2549B216C8}"
EndProject
Global
	GlobalSection(SolutionConfigurationPlatforms) = preSolution
		Debug|Any CPU = Debug|Any CPU
		Release|Any CPU = Release|Any CPU
	EndGlobalSection
	GlobalSection(ProjectConfigurationPlatforms) = postSolution
		{C0236BC8-226C-43D5-8B2A-6F2549B216C8}.Debug|Any CPU.ActiveCfg = Debug|Any CPU
		{C0236BC8-226C-43D5-8B2A-6F2549B216C8}.Debug|Any CPU.Build.0 = Debug|Any CPU
		{C0236BC8-226C-43D5-8B2A-6F2549B216C8}.Release|Any CPU.ActiveCfg = Release|Any CPU
		{C0236BC8-226C-43D5-8B2A-6F2549B216C8}.Release|Any CPU.Build.0 = Release|Any CPU
	EndGlobalSection
	GlobalSection(SolutionProperties) = preSolution
		HideSolutionNode = FALSE
	EndGlobalSection
	GlobalSection(ExtensibilityGlobals) = postSolution
		SolutionGuid = {E7E5F129-92C3-4916-B371-92FABD85F76C}
	EndGlobalSection
EndGlobal
